
Microsoft Visual Studio Solution File, Format Version 12.00
# Visual Studio Version 16
VisualStudioVersion = 16.0.31702.278
MinimumVisualStudioVersion = 10.0.40219.1
Project("{FAE04EC0-301F-11D3-BF4B-00C04F79EFBC}") = "MyLearnigStatus", "MyLearnigStatus\MyLearnigStatus.csproj", "{866AD05B-CB95-4BD1-9D2A-1A82C5082978}"
EndProject
Global
	GlobalSection(SolutionConfigurationPlatforms) = preSolution
		Debug|Any CPU = Debug|Any CPU
		Release|Any CPU = Release|Any CPU
	EndGlobalSection
	GlobalSection(ProjectConfigurationPlatforms) = postSolution
		{866AD05B-CB95-4BD1-9D2A-1A82C5082978}.Debug|Any CPU.ActiveCfg = Debug|Any CPU
		{866AD05B-CB95-4BD1-9D2A-1A82C5082978}.Debug|Any CPU.Build.0 = Debug|Any CPU
		{866AD05B-CB95-4BD1-9D2A-1A82C5082978}.Release|Any CPU.ActiveCfg = Release|Any CPU
		{866AD05B-CB95-4BD1-9D2A-1A82C5082978}.Release|Any CPU.Build.0 = Release|Any CPU
	EndGlobalSection
	GlobalSection(SolutionProperties) = preSolution
		HideSolutionNode = FALSE
	EndGlobalSection
	GlobalSection(ExtensibilityGlobals) = postSolution
		SolutionGuid = {24F2C128-34B0-4FB5-8891-0FED9FCF195B}
	EndGlobalSection
EndGlobal
